{
  "requires": true,
  "lockfileVersion": 1,
  "dependencies": {
    "@ngneat/content-loader": {
      "version": "5.0.0",
      "resolved": "https://registry.npmjs.org/@ngneat/content-loader/-/content-loader-5.0.0.tgz",
      "integrity": "sha512-XrS53rsiJoQIOy2BwmOHkvgPv0a5cTzXbbM+/3IpgezPFdNqDunpZW+AciWQffVOfgbmL+7cYp1DVb6WM15LhQ==",
      "requires": {
        "tslib": "^2.0.0"
      }
    },
    "@ngrx/component": {
      "version": "10.0.0",
      "resolved": "https://registry.npmjs.org/@ngrx/component/-/component-10.0.0.tgz",
      "integrity": "sha512-54Kp2nxgCzbRxo7w8Tc6d+L1mQEaC+V/c6tzB9ugVkNCjvaVyKXcNzwGgZYU4YRMbR53vcPPDhYozRd9d444mA==",
      "requires": {
        "tslib": "^2.0.0"
      }
    },
    "tslib": {
      "version": "2.0.1",
      "resolved": "https://registry.npmjs.org/tslib/-/tslib-2.0.1.tgz",
      "integrity": "sha512-SgIkNheinmEBgx1IUNirK0TUD4X9yjjBRTqqjggWCU3pUEqIk3/Uwl3yRixYKT6WjQuGiwDv4NomL3wqRCj+CQ=="
    }
  }
}
